
Microsoft Visual Studio Solution File, Format Version 12.00
# Visual Studio 15
VisualStudioVersion = 15.0.28010.2036
MinimumVisualStudioVersion = 10.0.40219.1
Project("{FAE04EC0-301F-11D3-BF4B-00C04F79EFBC}") = "xxl180009Asg4", "xxl180009Asg4\xxl180009Asg4.csproj", "{F69870F7-6BF2-4B68-B532-5DD10CF623DD}"
EndProject
Global
	GlobalSection(SolutionConfigurationPlatforms) = preSolution
		Debug|Any CPU = Debug|Any CPU
		Release|Any CPU = Release|Any CPU
	EndGlobalSection
	GlobalSection(ProjectConfigurationPlatforms) = postSolution
		{F69870F7-6BF2-4B68-B532-5DD10CF623DD}.Debug|Any CPU.ActiveCfg = Debug|Any CPU
		{F69870F7-6BF2-4B68-B532-5DD10CF623DD}.Debug|Any CPU.Build.0 = Debug|Any CPU
		{F69870F7-6BF2-4B68-B532-5DD10CF623DD}.Release|Any CPU.ActiveCfg = Release|Any CPU
		{F69870F7-6BF2-4B68-B532-5DD10CF623DD}.Release|Any CPU.Build.0 = Release|Any CPU
	EndGlobalSection
	GlobalSection(SolutionProperties) = preSolution
		HideSolutionNode = FALSE
	EndGlobalSection
	GlobalSection(ExtensibilityGlobals) = postSolution
		SolutionGuid = {56120D4C-8A68-4759-9C09-96A3CCC8C69A}
	EndGlobalSection
EndGlobal
